{
	"name": "beancount-pulsar",
	"version": "0.5.0",
	"lockfileVersion": 1,
	"requires": true,
	"dependencies": {
		"tmp": {
			"version": "0.2.3",
			"resolved": "https://registry.npmjs.org/tmp/-/tmp-0.2.3.tgz",
			"integrity": "sha512-nZD7m9iCPC5g0pYmcaxogYKggSfLsdxl8of3Q/oIbqCqLLIO9IAF0GWjX1z9NZRHPiXv8Wex4yDCaZsgEw0Y8w=="
		}
	}
}
