{
	"name": "beancount-pulsar",
	"version": "0.6.1",
	"lockfileVersion": 1,
	"requires": true,
	"dependencies": {
		"tmp": {
			"version": "0.2.5",
			"resolved": "https://registry.npmjs.org/tmp/-/tmp-0.2.5.tgz",
			"integrity": "sha512-voyz6MApa1rQGUxT3E+BK7/ROe8itEx7vD8/HEvt4xwXucvQ5G5oeEiHkmHZJuBO21RpOf+YYm9MOivj709jow=="
		}
	}
}
